
Microsoft Visual Studio Solution File, Format Version 12.00
# Visual Studio Version 17
VisualStudioVersion = 17.4.33213.308
MinimumVisualStudioVersion = 10.0.40219.1
Project("{FAE04EC0-301F-11D3-BF4B-00C04F79EFBC}") = "wallahi2", "wallahi2\wallahi2.csproj", "{A80AD41B-EA38-41B2-9148-30D0A9B70D40}"
EndProject
Global
	GlobalSection(SolutionConfigurationPlatforms) = preSolution
		Debug|Any CPU = Debug|Any CPU
		Release|Any CPU = Release|Any CPU
	EndGlobalSection
	GlobalSection(ProjectConfigurationPlatforms) = postSolution
		{A80AD41B-EA38-41B2-9148-30D0A9B70D40}.Debug|Any CPU.ActiveCfg = Debug|Any CPU
		{A80AD41B-EA38-41B2-9148-30D0A9B70D40}.Debug|Any CPU.Build.0 = Debug|Any CPU
		{A80AD41B-EA38-41B2-9148-30D0A9B70D40}.Release|Any CPU.ActiveCfg = Release|Any CPU
		{A80AD41B-EA38-41B2-9148-30D0A9B70D40}.Release|Any CPU.Build.0 = Release|Any CPU
	EndGlobalSection
	GlobalSection(SolutionProperties) = preSolution
		HideSolutionNode = FALSE
	EndGlobalSection
	GlobalSection(ExtensibilityGlobals) = postSolution
		SolutionGuid = {665E24B0-C39B-461F-9EF4-19B49739BBC6}
	EndGlobalSection
EndGlobal
